
Microsoft Visual Studio Solution File, Format Version 12.00
# Visual Studio Version 17
VisualStudioVersion = 17.7.34221.43
MinimumVisualStudioVersion = 10.0.40219.1
Project("{FAE04EC0-301F-11D3-BF4B-00C04F79EFBC}") = "Progress Updater", "Progress Updater\Progress Updater.csproj", "{73ABE24C-5B3E-4A25-B39E-6E280A241B66}"
EndProject
Global
	GlobalSection(SolutionConfigurationPlatforms) = preSolution
		Debug|Any CPU = Debug|Any CPU
		Release|Any CPU = Release|Any CPU
	EndGlobalSection
	GlobalSection(ProjectConfigurationPlatforms) = postSolution
		{73ABE24C-5B3E-4A25-B39E-6E280A241B66}.Debug|Any CPU.ActiveCfg = Debug|Any CPU
		{73ABE24C-5B3E-4A25-B39E-6E280A241B66}.Debug|Any CPU.Build.0 = Debug|Any CPU
		{73ABE24C-5B3E-4A25-B39E-6E280A241B66}.Release|Any CPU.ActiveCfg = Release|Any CPU
		{73ABE24C-5B3E-4A25-B39E-6E280A241B66}.Release|Any CPU.Build.0 = Release|Any CPU
	EndGlobalSection
	GlobalSection(SolutionProperties) = preSolution
		HideSolutionNode = FALSE
	EndGlobalSection
	GlobalSection(ExtensibilityGlobals) = postSolution
		SolutionGuid = {DED499C1-E551-461B-942A-75AC69755A08}
	EndGlobalSection
EndGlobal
